{
  "name": "ainb",
  "version": "1.0.0",
  "lockfileVersion": 3,
  "requires": true,
  "packages": {
    "": {
      "name": "ainb",
      "version": "1.0.0",
      "license": "BSD-3-Clause",
      "dependencies": {
        "structjs": "github:UraYukimitsu/structjs"
      }
    },
    "node_modules/structjs": {
      "version": "1.0.0",
      "resolved": "git+ssh://git@github.com/UraYukimitsu/structjs.git#01e4d281d6ccbf4c1f68ff343b5d4ef6e5ceb5dc"
    }
  }
}
