{
  "name": "ainb",
  "version": "1.0.0",
  "lockfileVersion": 3,
  "requires": true,
  "packages": {
    "": {
      "name": "ainb",
      "version": "1.0.0",
      "license": "BSD-3-Clause",
      "dependencies": {
        "structjs": "github:UraYukimitsu/structjs"
      }
    },
    "node_modules/structjs": {
      "version": "1.0.0",
      "resolved": "git+ssh://git@github.com/UraYukimitsu/structjs.git#9dca240a8b86120b61a84345c8e24cc683f117e5"
    }
  }
}
